<?xml version="1.0" encoding="utf-8"?>
<Project ToolsVersion="4.0" xmlns="http://schemas.microsoft.com/developer/msbuild/2003">
  <ItemGroup>
    <Filter Include="Source Files">
      <UniqueIdentifier>{4FC737F1-C7A5-4376-A066-2A32D752A2FF}</UniqueIdentifier>
      <Extensions>cpp;c;cc;cxx;c++;cppm;ixx;def;odl;idl;hpj;bat;asm;asmx</Extensions>
    </Filter>
    <Filter Include="Header Files">
      <UniqueIdentifier>{93995380-89BD-4b04-88EB-625FBE52EBFB}</UniqueIdentifier>
      <Extensions>h;hh;hpp;hxx;h++;hm;inl;inc;ipp;xsd</Extensions>
    </Filter>
    <Filter Include="Resource Files">
      <UniqueIdentifier>{67DA6AB6-F800-4c08-8B7A-83BB121AAD01}</UniqueIdentifier>
      <Extensions>rc;ico;cur;bmp;dlg;rc2;rct;bin;rgs;gif;jpg;jpeg;jpe;resx;tiff;tif;png;wav;mfcribbon-ms</Extensions>
    </Filter>
  </ItemGroup>
  <ItemGroup>
    <ClCompile Include="rfm_common\rfc_newdisp\rfcd_e_jet.c">
      <Filter>Source Files</Filter>
    </ClCompile>
    <ClCompile Include="rf_model.c">
      <Filter>Source Files</Filter>
    </ClCompile>
    <ClCompile Include="rf_objpak.c">
      <Filter>Source Files</Filter>
    </ClCompile>
    <ClCompile Include="main.c">
      <Filter>Source Files</Filter>
    </ClCompile>
    <ClCompile Include="rfm_menus.c">
      <Filter>Source Files</Filter>
    </ClCompile>
    <ClCompile Include="rfm_global\rfg_mdltint.c">
      <Filter>Source Files</Filter>
    </ClCompile>
    <ClCompile Include="rfm_b_bigbogy.c">
      <Filter>Source Files</Filter>
    </ClCompile>
    <ClCompile Include="rfm_ccore.c">
      <Filter>Source Files</Filter>
    </ClCompile>
    <ClCompile Include="rfm_global\rfg_envmap.c">
      <Filter>Source Files</Filter>
    </ClCompile>
    <ClCompile Include="rf_texture.c">
      <Filter>Source Files</Filter>
    </ClCompile>
    <ClCompile Include="rfm_cart.c">
      <Filter>Source Files</Filter>
    </ClCompile>
    <ClCompile Include="rfm_global\rfg_backcolor.c">
      <Filter>Source Files</Filter>
    </ClCompile>
    <ClCompile Include="rfm_event.c">
      <Filter>Source Files</Filter>
    </ClCompile>
    <ClCompile Include="rfm_common\rfc_newdisp\rfcd_mizugomi.c">
      <Filter>Source Files</Filter>
    </ClCompile>
    <ClCompile Include="rfm_wjungle.c">
      <Filter>Source Files</Filter>
    </ClCompile>
    <ClCompile Include="rfm_shadows\chs_player.c">
      <Filter>Source Files</Filter>
    </ClCompile>
    <ClCompile Include="rf_file.c">
      <Filter>Source Files</Filter>
    </ClCompile>
    <ClCompile Include="rfm_global\rfg_taskdisp.c">
      <Filter>Source Files</Filter>
    </ClCompile>
    <ClCompile Include="rf_draw.c">
      <Filter>Source Files</Filter>
    </ClCompile>
    <ClCompile Include="rfm_shadows\chs_o_board.c">
      <Filter>Source Files</Filter>
    </ClCompile>
    <ClCompile Include="rfm_shadows\chs_o_modmod.c">
      <Filter>Source Files</Filter>
    </ClCompile>
    <ClCompile Include="rfm_shadows\chs_o_messenger.c">
      <Filter>Source Files</Filter>
    </ClCompile>
    <ClCompile Include="rfm_shadows\chs_o_bunchin.c">
      <Filter>Source Files</Filter>
    </ClCompile>
    <ClCompile Include="rfm_shadows\chs_o_udreel.c">
      <Filter>Source Files</Filter>
    </ClCompile>
    <ClCompile Include="rfm_shadows\chs_o_searchbox.c">
      <Filter>Source Files</Filter>
    </ClCompile>
    <ClCompile Include="rfm_shadows\chs_o_goalring.c">
      <Filter>Source Files</Filter>
    </ClCompile>
    <ClCompile Include="rfm_shadows\chs_enemy.c">
      <Filter>Source Files</Filter>
    </ClCompile>
    <ClCompile Include="rfm_shadows\chs_o_ironball.c">
      <Filter>Source Files</Filter>
    </ClCompile>
    <ClCompile Include="rfm_shadows\chs_o_eq_robot.c">
      <Filter>Source Files</Filter>
    </ClCompile>
    <ClCompile Include="rfm_shadows\chs_o_ce_truck.c">
      <Filter>Source Files</Filter>
    </ClCompile>
    <ClCompile Include="rfm_shadows\chs_chaosdrive.c">
      <Filter>Source Files</Filter>
    </ClCompile>
    <ClCompile Include="rfm_common\rfc_newdisp\rfcd_udreel.c">
      <Filter>Source Files</Filter>
    </ClCompile>
    <ClCompile Include="rfm_shadows\chs_minimal.c">
      <Filter>Source Files</Filter>
    </ClCompile>
    <ClCompile Include="rfm_shadows\chs_o_pickup.c">
      <Filter>Source Files</Filter>
    </ClCompile>
    <ClCompile Include="rfm_shadows\chs_o_car.c">
      <Filter>Source Files</Filter>
    </ClCompile>
    <ClCompile Include="rfm_shadows\chs_o_md_tank.c">
      <Filter>Source Files</Filter>
    </ClCompile>
    <ClCompile Include="rfm_shadows\chs_o_md_contbox.c">
      <Filter>Source Files</Filter>
    </ClCompile>
    <ClCompile Include="rfm_shadows\chs_o_md_meteo.c">
      <Filter>Source Files</Filter>
    </ClCompile>
    <ClCompile Include="rfm_shadows\chs_o_cc_block.c">
      <Filter>Source Files</Filter>
    </ClCompile>
    <ClCompile Include="rf_api.c">
      <Filter>Source Files</Filter>
    </ClCompile>
    <ClCompile Include="rfm_shadows\chs_boss.c">
      <Filter>Source Files</Filter>
    </ClCompile>
    <ClCompile Include="rf_mod.c">
      <Filter>Source Files</Filter>
    </ClCompile>
    <ClCompile Include="rf_dxvk.c">
      <Filter>Source Files</Filter>
    </ClCompile>
    <ClCompile Include="rf_usermsg.c">
      <Filter>Source Files</Filter>
    </ClCompile>
    <ClCompile Include="rfm_shadows\chs_cart.c">
      <Filter>Source Files</Filter>
    </ClCompile>
    <ClCompile Include="rfm_shadows\chs_chaoworld.c">
      <Filter>Source Files</Filter>
    </ClCompile>
    <ClCompile Include="rfm_cescape\ce_o_ce_tree_shadows.c">
      <Filter>Source Files</Filter>
    </ClCompile>
    <ClCompile Include="rfm_cescape.c">
      <Filter>Source Files</Filter>
    </ClCompile>
    <ClCompile Include="rfm_global\rfg_bfacecull.c">
      <Filter>Source Files</Filter>
    </ClCompile>
    <ClCompile Include="rf_mdlutil.c">
      <Filter>Source Files</Filter>
    </ClCompile>
    <ClCompile Include="rf_core.c">
      <Filter>Source Files</Filter>
    </ClCompile>
    <ClCompile Include="rfm_amine.c">
      <Filter>Source Files</Filter>
    </ClCompile>
    <ClCompile Include="rf_util.c">
      <Filter>Source Files</Filter>
    </ClCompile>
    <ClCompile Include="rfm_common\rfc_transparancy\rfct_e_explosion.c">
      <Filter>Source Files</Filter>
    </ClCompile>
    <ClCompile Include="rfm_common.c">
      <Filter>Source Files</Filter>
    </ClCompile>
    <ClCompile Include="rfm_eget.c">
      <Filter>Source Files</Filter>
    </ClCompile>
    <ClCompile Include="rf_renderstate.c">
      <Filter>Source Files</Filter>
    </ClCompile>
    <ClCompile Include="rfm_common\rfc_newdisp\rfcd_itembox.c">
      <Filter>Source Files</Filter>
    </ClCompile>
    <ClCompile Include="rfm_shadows.c">
      <Filter>Source Files</Filter>
    </ClCompile>
    <ClCompile Include="rfm_shadows\shd_player.c">
      <Filter>Source Files</Filter>
    </ClCompile>
    <ClCompile Include="rfm_global.c">
      <Filter>Source Files</Filter>
    </ClCompile>
    <ClCompile Include="rf_config.c">
      <Filter>Source Files</Filter>
    </ClCompile>
    <ClCompile Include="rfm_global\rfg_spotlight_fix.c">
      <Filter>Source Files</Filter>
    </ClCompile>
    <ClCompile Include="rf_shader.c">
      <Filter>Source Files</Filter>
    </ClCompile>
    <ClCompile Include="rfm_mstreet.c">
      <Filter>Source Files</Filter>
    </ClCompile>
    <ClCompile Include="rfm_global\rfg_3dsprite.c">
      <Filter>Source Files</Filter>
    </ClCompile>
    <ClCompile Include="rfm_cgadget.c">
      <Filter>Source Files</Filter>
    </ClCompile>
    <ClCompile Include="rfm_common\rfc_newdisp\rfcd_pr_siren.c">
      <Filter>Source Files</Filter>
    </ClCompile>
    <ClCompile Include="rf_modchk.c">
      <Filter>Source Files</Filter>
    </ClCompile>
    <ClCompile Include="rf_api\rfapi_draw.c">
      <Filter>Source Files</Filter>
    </ClCompile>
    <ClCompile Include="rf_api\rfapi_renderstate.c">
      <Filter>Source Files</Filter>
    </ClCompile>
    <ClCompile Include="rf_api\rfapi_feature.c">
      <Filter>Source Files</Filter>
    </ClCompile>
    <ClCompile Include="rf_api\rfapi_shader.c">
      <Filter>Source Files</Filter>
    </ClCompile>
    <ClCompile Include="rf_api\rfapi_control.c">
      <Filter>Source Files</Filter>
    </ClCompile>
    <ClCompile Include="rf_api\rfapi_config.c">
      <Filter>Source Files</Filter>
    </ClCompile>
    <ClCompile Include="rf_light.c">
      <Filter>Source Files</Filter>
    </ClCompile>
    <ClCompile Include="rfm_common\rfc_transparancy.c">
      <Filter>Source Files</Filter>
    </ClCompile>
    <ClCompile Include="rfm_common\rfc_newdisp\rfcd_fc_gcyl.c">
      <Filter>Source Files</Filter>
    </ClCompile>
    <ClCompile Include="rf_font.c">
      <Filter>Source Files</Filter>
    </ClCompile>
    <ClCompile Include="rf_api\rfapi_font.c">
      <Filter>Source Files</Filter>
    </ClCompile>
    <ClCompile Include="rfm_global\rfg_drawline.c">
      <Filter>Source Files</Filter>
    </ClCompile>
    <ClCompile Include="rf_draw\rfd_line.c">
      <Filter>Source Files</Filter>
    </ClCompile>
    <ClCompile Include="rf_draw\rfd_cnkmdl.c">
      <Filter>Source Files</Filter>
    </ClCompile>
    <ClCompile Include="rf_draw\rfd_cnkmdl\rfdcnk_external.c">
      <Filter>Source Files</Filter>
    </ClCompile>
    <ClCompile Include="rf_draw\rfd_cnkmdl\rfdcnk_vlist.c">
      <Filter>Source Files</Filter>
    </ClCompile>
    <ClCompile Include="rf_draw\rfd_cnkmdl\rfdcnk_plist.c">
      <Filter>Source Files</Filter>
    </ClCompile>
    <ClCompile Include="rfm_event\ev_byteswap.c">
      <Filter>Source Files</Filter>
    </ClCompile>
    <ClCompile Include="rf_draw\rfd_cnkmdl\rfdcnk_ctx.c">
      <Filter>Source Files</Filter>
    </ClCompile>
    <ClCompile Include="rf_draw\rfd_cnkmdl\rfdcnk_plist\rfdcpl_strip.c">
      <Filter>Source Files</Filter>
    </ClCompile>
    <ClCompile Include="rf_draw\rfd_cnkmod.c">
      <Filter>Source Files</Filter>
    </ClCompile>
    <ClCompile Include="rf_draw\rfd_cnkmod\rfdmod_vlist.c">
      <Filter>Source Files</Filter>
    </ClCompile>
    <ClCompile Include="rf_draw\rfd_cnkmod\rfdmod_plist.c">
      <Filter>Source Files</Filter>
    </ClCompile>
    <ClCompile Include="rf_draw\rfd_shape.c">
      <Filter>Source Files</Filter>
    </ClCompile>
    <ClCompile Include="rfm_event\ev_renderer\evr_draw.c">
      <Filter>Source Files</Filter>
    </ClCompile>
    <ClCompile Include="rf_njcnk.c">
      <Filter>Source Files</Filter>
    </ClCompile>
    <ClCompile Include="rfm_event\ev_renderer\evr_reflection.c">
      <Filter>Source Files</Filter>
    </ClCompile>
    <ClCompile Include="rfm_event\ev_renderer\evr_common.c">
      <Filter>Source Files</Filter>
    </ClCompile>
    <ClCompile Include="rfm_event\ev_renderer\evr_light.c">
      <Filter>Source Files</Filter>
    </ClCompile>
    <ClCompile Include="rfm_event\ev_renderer\evr_camera.c">
      <Filter>Source Files</Filter>
    </ClCompile>
    <ClCompile Include="rf_magic.cpp">
      <Filter>Source Files</Filter>
    </ClCompile>
    <ClCompile Include="rf_gx.c">
      <Filter>Source Files</Filter>
    </ClCompile>
    <ClCompile Include="rfm_common\rfc_newdisp.c">
      <Filter>Source Files</Filter>
    </ClCompile>
    <ClCompile Include="rf_draw\rfd_cnkmdl\rfdcnk_plist\rfdcpl_stripuv.c">
      <Filter>Source Files</Filter>
    </ClCompile>
    <ClCompile Include="rf_draw\rfd_cnkmdl\rfdcnk_plist\rfdcpl_cmn.c">
      <Filter>Source Files</Filter>
    </ClCompile>
    <ClCompile Include="rfm_common\rfc_newdisp\rfcd_goalring.c">
      <Filter>Source Files</Filter>
    </ClCompile>
    <ClCompile Include="rfm_common\rfc_newdisp\rfcd_ring.c">
      <Filter>Source Files</Filter>
    </ClCompile>
    <ClCompile Include="rfm_common\rfc_newdisp\rfcd_spring.c">
      <Filter>Source Files</Filter>
    </ClCompile>
    <ClCompile Include="rfm_player.c">
      <Filter>Source Files</Filter>
    </ClCompile>
    <ClCompile Include="rfm_player\rfpl_mdlprs.c">
      <Filter>Source Files</Filter>
    </ClCompile>
    <ClCompile Include="rfm_player\rfpl_chaos0.c">
      <Filter>Source Files</Filter>
    </ClCompile>
    <ClCompile Include="rfm_common\rfc_newdisp\rfcd_jg_jo.c">
      <Filter>Source Files</Filter>
    </ClCompile>
    <ClCompile Include="rfm_common\rfc_landtable.c">
      <Filter>Source Files</Filter>
    </ClCompile>
    <ClCompile Include="rf_light\rfl_file.c">
      <Filter>Source Files</Filter>
    </ClCompile>
    <ClCompile Include="rf_draw\rfd_cnkmdl\rfdcnk_cfunc.c">
      <Filter>Source Files</Filter>
    </ClCompile>
    <ClCompile Include="rf_draw\rfd_cnkmdl\rfdcnk_sfunc.c">
      <Filter>Source Files</Filter>
    </ClCompile>
    <ClCompile Include="rf_draw\rfd_cmn.c">
      <Filter>Source Files</Filter>
    </ClCompile>
    <ClCompile Include="rf_draw\rfd_polygon.c">
      <Filter>Source Files</Filter>
    </ClCompile>
    <ClCompile Include="rfm_event\ev_renderer\evr_exec.c">
      <Filter>Source Files</Filter>
    </ClCompile>
    <ClCompile Include="rfm_event\ev_renderer\evr_blare.c">
      <Filter>Source Files</Filter>
    </ClCompile>
    <ClCompile Include="rfm_event\ev_renderer\evr_debug.c">
      <Filter>Source Files</Filter>
    </ClCompile>
    <ClCompile Include="rf_draw\rfd_cnkmdl\rfdcnk_core.c">
      <Filter>Source Files</Filter>
    </ClCompile>
    <ClCompile Include="rf_draw\rfd_cnkmdl\rfdcnk_depthqueue.c">
      <Filter>Source Files</Filter>
    </ClCompile>
    <ClCompile Include="rf_light\rfl_setlight.c">
      <Filter>Source Files</Filter>
    </ClCompile>
    <ClCompile Include="rf_draw\rfd_texerr.c">
      <Filter>Source Files</Filter>
    </ClCompile>
    <ClCompile Include="rfm_event\ev_renderer\evr_texanim.c">
      <Filter>Source Files</Filter>
    </ClCompile>
    <ClCompile Include="rfm_global\rfg_frameskip.c">
      <Filter>Source Files</Filter>
    </ClCompile>
    <ClCompile Include="rfm_event\ev_renderer.c">
      <Filter>Source Files</Filter>
    </ClCompile>
    <ClCompile Include="rfm_event\ev_renderer\evr_task.c">
      <Filter>Source Files</Filter>
    </ClCompile>
    <ClCompile Include="rfm_event\ev_renderer\evr_vsync.c">
      <Filter>Source Files</Filter>
    </ClCompile>
    <ClCompile Include="rfm_event\ev_file.c">
      <Filter>Source Files</Filter>
    </ClCompile>
    <ClCompile Include="rf_draw\rfd_sprite.c">
      <Filter>Source Files</Filter>
    </ClCompile>
    <ClCompile Include="rfm_common\rfc_newdisp\rfcd_e_kumi.c">
      <Filter>Source Files</Filter>
    </ClCompile>
    <ClCompile Include="rf_util\rfu_model.c">
      <Filter>Source Files</Filter>
    </ClCompile>
    <ClCompile Include="rfm_global\rfg_uifilter.c">
      <Filter>Source Files</Filter>
    </ClCompile>
    <ClCompile Include="rfm_common\rfc_newdisp\rfcd_e_bullet.c">
      <Filter>Source Files</Filter>
    </ClCompile>
    <ClCompile Include="rf_draw\rfd_alphablend.c">
      <Filter>Source Files</Filter>
    </ClCompile>
  </ItemGroup>
  <ItemGroup>
    <ClInclude Include="rf_objpak.h">
      <Filter>Header Files</Filter>
    </ClInclude>
    <ClInclude Include="rfm_common\rfc_internal.h">
      <Filter>Header Files</Filter>
    </ClInclude>
    <ClInclude Include="rf_file.h">
      <Filter>Header Files</Filter>
    </ClInclude>
    <ClInclude Include="rf_mod.h">
      <Filter>Header Files</Filter>
    </ClInclude>
    <ClInclude Include="rf_draw.h">
      <Filter>Header Files</Filter>
    </ClInclude>
    <ClInclude Include="rf_enemywk.h">
      <Filter>Header Files</Filter>
    </ClInclude>
    <ClInclude Include="rf_util.h">
      <Filter>Header Files</Filter>
    </ClInclude>
    <ClInclude Include="rf_eventinfo.h">
      <Filter>Header Files</Filter>
    </ClInclude>
    <ClInclude Include="rf_usermsg.h">
      <Filter>Header Files</Filter>
    </ClInclude>
    <ClInclude Include="rfm_shadows\chs_internal.h">
      <Filter>Header Files</Filter>
    </ClInclude>
    <ClInclude Include="rfm_menus.h">
      <Filter>Header Files</Filter>
    </ClInclude>
    <ClInclude Include="rfm_cescape\ce_internal.h">
      <Filter>Header Files</Filter>
    </ClInclude>
    <ClInclude Include="rfm_cescape.h">
      <Filter>Header Files</Filter>
    </ClInclude>
    <ClInclude Include="rf_mdlutil.h">
      <Filter>Header Files</Filter>
    </ClInclude>
    <ClInclude Include="rf_core.h">
      <Filter>Header Files</Filter>
    </ClInclude>
    <ClInclude Include="rfm_shadows.h">
      <Filter>Header Files</Filter>
    </ClInclude>
    <ClInclude Include="rfm_event.h">
      <Filter>Header Files</Filter>
    </ClInclude>
    <ClInclude Include="rfm_event\ev_internal.h">
      <Filter>Header Files</Filter>
    </ClInclude>
    <ClInclude Include="rfm_amine.h">
      <Filter>Header Files</Filter>
    </ClInclude>
    <ClInclude Include="rfm_b_bigbogy.h">
      <Filter>Header Files</Filter>
    </ClInclude>
    <ClInclude Include="rfm_cart.h">
      <Filter>Header Files</Filter>
    </ClInclude>
    <ClInclude Include="rfm_common.h">
      <Filter>Header Files</Filter>
    </ClInclude>
    <ClInclude Include="rf_renderstate.h">
      <Filter>Header Files</Filter>
    </ClInclude>
    <ClInclude Include="rf_config.h">
      <Filter>Header Files</Filter>
    </ClInclude>
    <ClInclude Include="rfm_shadows\shd_internal.h">
      <Filter>Header Files</Filter>
    </ClInclude>
    <ClInclude Include="rfm_global.h">
      <Filter>Header Files</Filter>
    </ClInclude>
    <ClInclude Include="rfm_global\rfg_internal.h">
      <Filter>Header Files</Filter>
    </ClInclude>
    <ClInclude Include="rf_shader.h">
      <Filter>Header Files</Filter>
    </ClInclude>
    <ClInclude Include="rf_feature.h">
      <Filter>Header Files</Filter>
    </ClInclude>
    <ClInclude Include="rfm_eget.h">
      <Filter>Header Files</Filter>
    </ClInclude>
    <ClInclude Include="rfm_ccore.h">
      <Filter>Header Files</Filter>
    </ClInclude>
    <ClInclude Include="rfm_wjungle.h">
      <Filter>Header Files</Filter>
    </ClInclude>
    <ClInclude Include="rfm_mstreet.h">
      <Filter>Header Files</Filter>
    </ClInclude>
    <ClInclude Include="rfm_cgadget.h">
      <Filter>Header Files</Filter>
    </ClInclude>
    <ClInclude Include="rf_dxvk.h">
      <Filter>Header Files</Filter>
    </ClInclude>
    <ClInclude Include="rf_api.h">
      <Filter>Header Files</Filter>
    </ClInclude>
    <ClInclude Include="rf_config\rfcnf_def.h">
      <Filter>Header Files</Filter>
    </ClInclude>
    <ClInclude Include="rf_ctrl.h">
      <Filter>Header Files</Filter>
    </ClInclude>
    <ClInclude Include="rf_modchk.h">
      <Filter>Header Files</Filter>
    </ClInclude>
    <ClInclude Include="rf_api\rfapi_internal.h">
      <Filter>Header Files</Filter>
    </ClInclude>
    <ClInclude Include="rf_light.h">
      <Filter>Header Files</Filter>
    </ClInclude>
    <ClInclude Include="rf_magic.h">
      <Filter>Header Files</Filter>
    </ClInclude>
    <ClInclude Include="rfm_common\rfc_transparancy\rfct_internal.h">
      <Filter>Header Files</Filter>
    </ClInclude>
    <ClInclude Include="rf_font.h">
      <Filter>Header Files</Filter>
    </ClInclude>
    <ClInclude Include="rf_draw\rfd_internal.h">
      <Filter>Header Files</Filter>
    </ClInclude>
    <ClInclude Include="rf_draw\rfd_cnkmdl\rfdcnk_internal.h">
      <Filter>Header Files</Filter>
    </ClInclude>
    <ClInclude Include="rf_draw\rfd_cnkmdl\rfdcnk_plist\rfdcpl_internal.h">
      <Filter>Header Files</Filter>
    </ClInclude>
    <ClInclude Include="rf_draw\rfd_cnkmod\rfdmod_internal.h">
      <Filter>Header Files</Filter>
    </ClInclude>
    <ClInclude Include="rf_draw\rfd_cnk.h">
      <Filter>Header Files</Filter>
    </ClInclude>
    <ClInclude Include="rf_njcnk.h">
      <Filter>Header Files</Filter>
    </ClInclude>
    <ClInclude Include="rf_gx.h">
      <Filter>Header Files</Filter>
    </ClInclude>
    <ClInclude Include="rf_texture\rf_texerr.tls">
      <Filter>Header Files</Filter>
    </ClInclude>
    <ClInclude Include="rf_draw\rfd_cnkmdl\rfdcnk_plist\rfdcpl_cmn.h">
      <Filter>Header Files</Filter>
    </ClInclude>
    <ClInclude Include="rfm_common\rfc_newdisp\rfcd_internal.h">
      <Filter>Header Files</Filter>
    </ClInclude>
    <ClInclude Include="rfm_player\rfpl_internal.h">
      <Filter>Header Files</Filter>
    </ClInclude>
    <ClInclude Include="rfm_player.h">
      <Filter>Header Files</Filter>
    </ClInclude>
    <ClInclude Include="rf_draw\rfd_core.h">
      <Filter>Header Files</Filter>
    </ClInclude>
    <ClInclude Include="rf_light\rfl_internal.h">
      <Filter>Header Files</Filter>
    </ClInclude>
    <ClInclude Include="rfm_event\ev_renderer\evr_internal.h">
      <Filter>Header Files</Filter>
    </ClInclude>
    <ClInclude Include="rfu_float.h">
      <Filter>Header Files</Filter>
    </ClInclude>
    <ClInclude Include="rfu_file.h">
      <Filter>Header Files</Filter>
    </ClInclude>
    <ClInclude Include="rfu_model.h">
      <Filter>Header Files</Filter>
    </ClInclude>
  </ItemGroup>
  <ItemGroup>
    <None Include="models\basic_shadow.nja" />
    <None Include="models\e_a_emi_emblem.nja" />
    <None Include="models\e_b_kumi_emblem.nja" />
    <None Include="models\e_b_pathkumi_emblem.nja" />
    <None Include="models\e_g_kumi_emblem.nja" />
    <None Include="models\e_g_pathkumi_emblem.nja" />
    <None Include="models\e_gold_emblem.nja" />
    <None Include="models\e_kumi_emblem.nja" />
    <None Include="models\e_kyoko_emblem.nja" />
    <None Include="models\e_shouko_aft.nja" />
    <None Include="models\e_shouko_wing_port.nja" />
    <None Include="models\e_shouko_wing_starboard.nja" />
    <None Include="models\e_t_emi_emblem.nja" />
    <None Include="rf_model\ce_truck_hood.nja" />
    <None Include="rf_model\e_a_emi_emblem.nja" />
    <None Include="rf_model\e_b_kumi_emblem.nja" />
    <None Include="rf_model\e_b_pathkumi_emblem.nja" />
    <None Include="rf_model\e_g_kumi_emblem.nja" />
    <None Include="rf_model\e_g_pathkumi_emblem.nja" />
    <None Include="rf_model\e_gold_emblem.nja" />
    <None Include="rf_model\e_kumi_emblem.nja" />
    <None Include="rf_model\e_kyoko_emblem.nja" />
    <None Include="rf_model\e_shouko_aft.nja" />
    <None Include="rf_model\e_shouko_wing_port.nja" />
    <None Include="rf_model\e_shouko_wing_starboard.nja" />
    <None Include="rf_model\e_t_emi_emblem.nja" />
    <None Include="rf_model\minemizu.nja" />
    <None Include="rf_texture\jo_tree.tls" />
    <None Include="rf_model\e_s_ai_shield.nja" />
    <None Include=".editorconfig" />
  </ItemGroup>
</Project>