<?xml version="1.0" encoding="utf-8"?>
<Project ToolsVersion="4.0" xmlns="http://schemas.microsoft.com/developer/msbuild/2003">
  <ItemGroup>
    <Filter Include="Source Files">
      <UniqueIdentifier>{4FC737F1-C7A5-4376-A066-2A32D752A2FF}</UniqueIdentifier>
      <Extensions>cpp;c;cc;cxx;c++;cppm;ixx;def;odl;idl;hpj;bat;asm;asmx</Extensions>
    </Filter>
    <Filter Include="Header Files">
      <UniqueIdentifier>{93995380-89BD-4b04-88EB-625FBE52EBFB}</UniqueIdentifier>
      <Extensions>h;hh;hpp;hxx;h++;hm;inl;inc;ipp;xsd</Extensions>
    </Filter>
    <Filter Include="Resource Files">
      <UniqueIdentifier>{67DA6AB6-F800-4c08-8B7A-83BB121AAD01}</UniqueIdentifier>
      <Extensions>rc;ico;cur;bmp;dlg;rc2;rct;bin;rgs;gif;jpg;jpeg;jpe;resx;tiff;tif;png;wav;mfcribbon-ms</Extensions>
    </Filter>
  </ItemGroup>
  <ItemGroup>
    <ClCompile Include="enemy-jet.cpp">
      <Filter>Source Files</Filter>
    </ClCompile>
    <ClCompile Include="model.cpp">
      <Filter>Source Files</Filter>
    </ClCompile>
    <ClCompile Include="objpak.cpp">
      <Filter>Source Files</Filter>
    </ClCompile>
    <ClCompile Include="render-fix.cpp">
      <Filter>Source Files</Filter>
    </ClCompile>
    <ClCompile Include="stage-map.cpp">
      <Filter>Source Files</Filter>
    </ClCompile>
    <ClCompile Include="tint-disable.cpp">
      <Filter>Source Files</Filter>
    </ClCompile>
    <ClCompile Include="a-mine.cpp">
      <Filter>Source Files</Filter>
    </ClCompile>
    <ClCompile Include="boss-bogy.cpp">
      <Filter>Source Files</Filter>
    </ClCompile>
    <ClCompile Include="c-core.cpp">
      <Filter>Source Files</Filter>
    </ClCompile>
    <ClCompile Include="c-escape.cpp">
      <Filter>Source Files</Filter>
    </ClCompile>
    <ClCompile Include="env-map.cpp">
      <Filter>Source Files</Filter>
    </ClCompile>
    <ClCompile Include="extra-shadows.cpp">
      <Filter>Source Files</Filter>
    </ClCompile>
    <ClCompile Include="font.cpp">
      <Filter>Source Files</Filter>
    </ClCompile>
    <ClCompile Include="get-emblem.cpp">
      <Filter>Source Files</Filter>
    </ClCompile>
    <ClCompile Include="restorations.cpp">
      <Filter>Source Files</Filter>
    </ClCompile>
    <ClCompile Include="texture.cpp">
      <Filter>Source Files</Filter>
    </ClCompile>
    <ClCompile Include="tools.cpp">
      <Filter>Source Files</Filter>
    </ClCompile>
    <ClCompile Include="tree-shadows.cpp">
      <Filter>Source Files</Filter>
    </ClCompile>
    <ClCompile Include="cart.cpp">
      <Filter>Source Files</Filter>
    </ClCompile>
    <ClCompile Include="s-rail.cpp">
      <Filter>Source Files</Filter>
    </ClCompile>
    <ClCompile Include="backcolor.cpp">
      <Filter>Source Files</Filter>
    </ClCompile>
    <ClCompile Include="event.cpp">
      <Filter>Source Files</Filter>
    </ClCompile>
    <ClCompile Include="mizugomi.cpp">
      <Filter>Source Files</Filter>
    </ClCompile>
    <ClCompile Include="backface-cull.cpp">
      <Filter>Source Files</Filter>
    </ClCompile>
    <ClCompile Include="explosion.cpp">
      <Filter>Source Files</Filter>
    </ClCompile>
  </ItemGroup>
  <ItemGroup>
    <ClInclude Include="render-fix.h">
      <Filter>Header Files</Filter>
    </ClInclude>
    <ClInclude Include="enemy-jet.h">
      <Filter>Header Files</Filter>
    </ClInclude>
    <ClInclude Include="objpak.h">
      <Filter>Header Files</Filter>
    </ClInclude>
    <ClInclude Include="tint-disable.h">
      <Filter>Header Files</Filter>
    </ClInclude>
    <ClInclude Include="tools.h">
      <Filter>Header Files</Filter>
    </ClInclude>
    <ClInclude Include="tree-shadows.h">
      <Filter>Header Files</Filter>
    </ClInclude>
    <ClInclude Include="mizugomi.h">
      <Filter>Header Files</Filter>
    </ClInclude>
    <ClInclude Include="backcolor.h">
      <Filter>Header Files</Filter>
    </ClInclude>
    <ClInclude Include="backface-cull.h">
      <Filter>Header Files</Filter>
    </ClInclude>
    <ClInclude Include="explosion.h">
      <Filter>Header Files</Filter>
    </ClInclude>
  </ItemGroup>
  <ItemGroup>
    <None Include="models\basic_shadow.nja" />
    <None Include="models\e_a_emi_emblem.nja" />
    <None Include="models\e_b_kumi_emblem.nja" />
    <None Include="models\e_b_pathkumi_emblem.nja" />
    <None Include="models\e_g_kumi_emblem.nja" />
    <None Include="models\e_g_pathkumi_emblem.nja" />
    <None Include="models\e_gold_emblem.nja" />
    <None Include="models\e_kumi_emblem.nja" />
    <None Include="models\e_kyoko_emblem.nja" />
    <None Include="models\e_shouko_aft.nja" />
    <None Include="models\e_shouko_wing_port.nja" />
    <None Include="models\e_shouko_wing_starboard.nja" />
    <None Include="models\e_t_emi_emblem.nja" />
    <None Include="model\basic_shadow.nja" />
    <None Include="model\bunchin_shadow.nja" />
    <None Include="model\ce_truck_hood.nja" />
    <None Include="model\e_a_emi_emblem.nja" />
    <None Include="model\e_b_kumi_emblem.nja" />
    <None Include="model\e_b_pathkumi_emblem.nja" />
    <None Include="model\e_g_kumi_emblem.nja" />
    <None Include="model\e_g_pathkumi_emblem.nja" />
    <None Include="model\e_gold_emblem.nja" />
    <None Include="model\e_kumi_emblem.nja" />
    <None Include="model\e_kyoko_emblem.nja" />
    <None Include="model\e_shouko_aft.nja" />
    <None Include="model\e_shouko_wing_port.nja" />
    <None Include="model\e_shouko_wing_starboard.nja" />
    <None Include="model\e_t_emi_emblem.nja" />
    <None Include="model\eget.nja" />
    <None Include="model\minemizu.nja" />
    <None Include="texture\jo_tree.tls" />
  </ItemGroup>
</Project>